// !$*UTF8*$!
{
	archiveVersion = 1;
	classes = {
	};
	objectVersion = 56;
	objects = {

/* Begin PBXBuildFile section */
		7E73E7FF2993A1FA005AEFDA /* textual_clock_companionApp.swift in Sources */ = {isa = PBXBuildFile; fileRef = 7E73E7FE2993A1FA005AEFDA /* textual_clock_companionApp.swift */; };
		7E73E8012993A1FA005AEFDA /* ContentView.swift in Sources */ = {isa = PBXBuildFile; fileRef = 7E73E8002993A1FA005AEFDA /* ContentView.swift */; };
		7E73E8032993A1FC005AEFDA /* Assets.xcassets in Resources */ = {isa = PBXBuildFile; fileRef = 7E73E8022993A1FC005AEFDA /* Assets.xcassets */; };
		7E73E8062993A1FC005AEFDA /* Preview Assets.xcassets in Resources */ = {isa = PBXBuildFile; fileRef = 7E73E8052993A1FC005AEFDA /* Preview Assets.xcassets */; };
		7E73E8082993A1FC005AEFDA /* Persistence.swift in Sources */ = {isa = PBXBuildFile; fileRef = 7E73E8072993A1FC005AEFDA /* Persistence.swift */; };
		7E73E80B2993A1FC005AEFDA /* textual_clock_companion.xcdatamodeld in Sources */ = {isa = PBXBuildFile; fileRef = 7E73E8092993A1FC005AEFDA /* textual_clock_companion.xcdatamodeld */; };
		7EF15E5D2993C06A0062B54F /* SettingsView.swift in Sources */ = {isa = PBXBuildFile; fileRef = 7EF15E5C2993C06A0062B54F /* SettingsView.swift */; };
		7EF15E5F2993C0D80062B54F /* KeyboardUtility.swift in Sources */ = {isa = PBXBuildFile; fileRef = 7EF15E5E2993C0D80062B54F /* KeyboardUtility.swift */; };
		7EF15E612993C24A0062B54F /* MainView.swift in Sources */ = {isa = PBXBuildFile; fileRef = 7EF15E602993C2490062B54F /* MainView.swift */; };
		7EF15E642993C6E60062B54F /* ClockSettingsUtility.swift in Sources */ = {isa = PBXBuildFile; fileRef = 7EF15E632993C6E60062B54F /* ClockSettingsUtility.swift */; };
		7EF15E682993E94A0062B54F /* HttpClockApiUtility.swift in Sources */ = {isa = PBXBuildFile; fileRef = 7EF15E672993E94A0062B54F /* HttpClockApiUtility.swift */; };
		7EF15E6A29992DC30062B54F /* LoaderButton.swift in Sources */ = {isa = PBXBuildFile; fileRef = 7EF15E6929992DC30062B54F /* LoaderButton.swift */; };
/* End PBXBuildFile section */

/* Begin PBXFileReference section */
		7E73E7FB2993A1FA005AEFDA /* textual_clock_companion.app */ = {isa = PBXFileReference; explicitFileType = wrapper.application; includeInIndex = 0; path = textual_clock_companion.app; sourceTree = BUILT_PRODUCTS_DIR; };
		7E73E7FE2993A1FA005AEFDA /* textual_clock_companionApp.swift */ = {isa = PBXFileReference; lastKnownFileType = sourcecode.swift; path = textual_clock_companionApp.swift; sourceTree = "<group>"; };
		7E73E8002993A1FA005AEFDA /* ContentView.swift */ = {isa = PBXFileReference; lastKnownFileType = sourcecode.swift; path = ContentView.swift; sourceTree = "<group>"; };
		7E73E8022993A1FC005AEFDA /* Assets.xcassets */ = {isa = PBXFileReference; lastKnownFileType = folder.assetcatalog; path = Assets.xcassets; sourceTree = "<group>"; };
		7E73E8052993A1FC005AEFDA /* Preview Assets.xcassets */ = {isa = PBXFileReference; lastKnownFileType = folder.assetcatalog; path = "Preview Assets.xcassets"; sourceTree = "<group>"; };
		7E73E8072993A1FC005AEFDA /* Persistence.swift */ = {isa = PBXFileReference; lastKnownFileType = sourcecode.swift; path = Persistence.swift; sourceTree = "<group>"; };
		7E73E80A2993A1FC005AEFDA /* textual_clock_companion.xcdatamodel */ = {isa = PBXFileReference; lastKnownFileType = wrapper.xcdatamodel; path = textual_clock_companion.xcdatamodel; sourceTree = "<group>"; };
		7EF15E5C2993C06A0062B54F /* SettingsView.swift */ = {isa = PBXFileReference; lastKnownFileType = sourcecode.swift; path = SettingsView.swift; sourceTree = "<group>"; };
		7EF15E5E2993C0D80062B54F /* KeyboardUtility.swift */ = {isa = PBXFileReference; lastKnownFileType = sourcecode.swift; path = KeyboardUtility.swift; sourceTree = "<group>"; };
		7EF15E602993C2490062B54F /* MainView.swift */ = {isa = PBXFileReference; lastKnownFileType = sourcecode.swift; path = MainView.swift; sourceTree = "<group>"; };
		7EF15E632993C6E60062B54F /* ClockSettingsUtility.swift */ = {isa = PBXFileReference; lastKnownFileType = sourcecode.swift; path = ClockSettingsUtility.swift; sourceTree = "<group>"; };
		7EF15E662993E19B0062B54F /* textual-clock-companion-Info.plist */ = {isa = PBXFileReference; lastKnownFileType = text.plist; path = "textual-clock-companion-Info.plist"; sourceTree = SOURCE_ROOT; };
		7EF15E672993E94A0062B54F /* HttpClockApiUtility.swift */ = {isa = PBXFileReference; lastKnownFileType = sourcecode.swift; path = HttpClockApiUtility.swift; sourceTree = "<group>"; };
		7EF15E6929992DC30062B54F /* LoaderButton.swift */ = {isa = PBXFileReference; lastKnownFileType = sourcecode.swift; path = LoaderButton.swift; sourceTree = "<group>"; };
/* End PBXFileReference section */

/* Begin PBXFrameworksBuildPhase section */
		7E73E7F82993A1F9005AEFDA /* Frameworks */ = {
			isa = PBXFrameworksBuildPhase;
			buildActionMask = 2147483647;
			files = (
			);
			runOnlyForDeploymentPostprocessing = 0;
		};
/* End PBXFrameworksBuildPhase section */

/* Begin PBXGroup section */
		7E73E7F22993A1F9005AEFDA = {
			isa = PBXGroup;
			children = (
				7E73E7FD2993A1FA005AEFDA /* textual_clock_companion */,
				7E73E7FC2993A1FA005AEFDA /* Products */,
			);
			sourceTree = "<group>";
		};
		7E73E7FC2993A1FA005AEFDA /* Products */ = {
			isa = PBXGroup;
			children = (
				7E73E7FB2993A1FA005AEFDA /* textual_clock_companion.app */,
			);
			name = Products;
			sourceTree = "<group>";
		};
		7E73E7FD2993A1FA005AEFDA /* textual_clock_companion */ = {
			isa = PBXGroup;
			children = (
				7EF15E662993E19B0062B54F /* textual-clock-companion-Info.plist */,
				7EF15E652993C6EE0062B54F /* Utilities */,
				7EF15E622993C3240062B54F /* Enums */,
				7EF15E602993C2490062B54F /* MainView.swift */,
				7E73E7FE2993A1FA005AEFDA /* textual_clock_companionApp.swift */,
				7E73E8002993A1FA005AEFDA /* ContentView.swift */,
				7EF15E5C2993C06A0062B54F /* SettingsView.swift */,
				7E73E8022993A1FC005AEFDA /* Assets.xcassets */,
				7EF15E5E2993C0D80062B54F /* KeyboardUtility.swift */,
				7E73E8072993A1FC005AEFDA /* Persistence.swift */,
				7E73E8092993A1FC005AEFDA /* textual_clock_companion.xcdatamodeld */,
				7E73E8042993A1FC005AEFDA /* Preview Content */,
				7EF15E6929992DC30062B54F /* LoaderButton.swift */,
			);
			path = textual_clock_companion;
			sourceTree = "<group>";
		};
		7E73E8042993A1FC005AEFDA /* Preview Content */ = {
			isa = PBXGroup;
			children = (
				7E73E8052993A1FC005AEFDA /* Preview Assets.xcassets */,
			);
			path = "Preview Content";
			sourceTree = "<group>";
		};
		7EF15E622993C3240062B54F /* Enums */ = {
			isa = PBXGroup;
			children = (
			);
			path = Enums;
			sourceTree = "<group>";
		};
		7EF15E652993C6EE0062B54F /* Utilities */ = {
			isa = PBXGroup;
			children = (
				7EF15E632993C6E60062B54F /* ClockSettingsUtility.swift */,
				7EF15E672993E94A0062B54F /* HttpClockApiUtility.swift */,
			);
			path = Utilities;
			sourceTree = "<group>";
		};
/* End PBXGroup section */

/* Begin PBXNativeTarget section */
		7E73E7FA2993A1F9005AEFDA /* textual_clock_companion */ = {
			isa = PBXNativeTarget;
			buildConfigurationList = 7E73E80E2993A1FC005AEFDA /* Build configuration list for PBXNativeTarget "textual_clock_companion" */;
			buildPhases = (
				7E73E7F72993A1F9005AEFDA /* Sources */,
				7E73E7F82993A1F9005AEFDA /* Frameworks */,
				7E73E7F92993A1F9005AEFDA /* Resources */,
			);
			buildRules = (
			);
			dependencies = (
			);
			name = textual_clock_companion;
			productName = textual_clock_companion;
			productReference = 7E73E7FB2993A1FA005AEFDA /* textual_clock_companion.app */;
			productType = "com.apple.product-type.application";
		};
/* End PBXNativeTarget section */

/* Begin PBXProject section */
		7E73E7F32993A1F9005AEFDA /* Project object */ = {
			isa = PBXProject;
			attributes = {
				BuildIndependentTargetsInParallel = 1;
				LastSwiftUpdateCheck = 1420;
				LastUpgradeCheck = 1420;
				TargetAttributes = {
					7E73E7FA2993A1F9005AEFDA = {
						CreatedOnToolsVersion = 14.2;
					};
				};
			};
			buildConfigurationList = 7E73E7F62993A1F9005AEFDA /* Build configuration list for PBXProject "textual_clock_companion" */;
			compatibilityVersion = "Xcode 14.0";
			developmentRegion = en;
			hasScannedForEncodings = 0;
			knownRegions = (
				en,
				Base,
			);
			mainGroup = 7E73E7F22993A1F9005AEFDA;
			productRefGroup = 7E73E7FC2993A1FA005AEFDA /* Products */;
			projectDirPath = "";
			projectRoot = "";
			targets = (
				7E73E7FA2993A1F9005AEFDA /* textual_clock_companion */,
			);
		};
/* End PBXProject section */

/* Begin PBXResourcesBuildPhase section */
		7E73E7F92993A1F9005AEFDA /* Resources */ = {
			isa = PBXResourcesBuildPhase;
			buildActionMask = 2147483647;
			files = (
				7E73E8062993A1FC005AEFDA /* Preview Assets.xcassets in Resources */,
				7E73E8032993A1FC005AEFDA /* Assets.xcassets in Resources */,
			);
			runOnlyForDeploymentPostprocessing = 0;
		};
/* End PBXResourcesBuildPhase section */

/* Begin PBXSourcesBuildPhase section */
		7E73E7F72993A1F9005AEFDA /* Sources */ = {
			isa = PBXSourcesBuildPhase;
			buildActionMask = 2147483647;
			files = (
				7E73E8082993A1FC005AEFDA /* Persistence.swift in Sources */,
				7EF15E612993C24A0062B54F /* MainView.swift in Sources */,
				7EF15E6A29992DC30062B54F /* LoaderButton.swift in Sources */,
				7EF15E682993E94A0062B54F /* HttpClockApiUtility.swift in Sources */,
				7E73E80B2993A1FC005AEFDA /* textual_clock_companion.xcdatamodeld in Sources */,
				7E73E8012993A1FA005AEFDA /* ContentView.swift in Sources */,
				7EF15E5F2993C0D80062B54F /* KeyboardUtility.swift in Sources */,
				7EF15E642993C6E60062B54F /* ClockSettingsUtility.swift in Sources */,
				7EF15E5D2993C06A0062B54F /* SettingsView.swift in Sources */,
				7E73E7FF2993A1FA005AEFDA /* textual_clock_companionApp.swift in Sources */,
			);
			runOnlyForDeploymentPostprocessing = 0;
		};
/* End PBXSourcesBuildPhase section */

/* Begin XCBuildConfiguration section */
		7E73E80C2993A1FC005AEFDA /* Debug */ = {
			isa = XCBuildConfiguration;
			buildSettings = {
				ALWAYS_SEARCH_USER_PATHS = NO;
				CLANG_ANALYZER_NONNULL = YES;
				CLANG_ANALYZER_NUMBER_OBJECT_CONVERSION = YES_AGGRESSIVE;
				CLANG_CXX_LANGUAGE_STANDARD = "gnu++20";
				CLANG_ENABLE_MODULES = YES;
				CLANG_ENABLE_OBJC_ARC = YES;
				CLANG_ENABLE_OBJC_WEAK = YES;
				CLANG_WARN_BLOCK_CAPTURE_AUTORELEASING = YES;
				CLANG_WARN_BOOL_CONVERSION = YES;
				CLANG_WARN_COMMA = YES;
				CLANG_WARN_CONSTANT_CONVERSION = YES;
				CLANG_WARN_DEPRECATED_OBJC_IMPLEMENTATIONS = YES;
				CLANG_WARN_DIRECT_OBJC_ISA_USAGE = YES_ERROR;
				CLANG_WARN_DOCUMENTATION_COMMENTS = YES;
				CLANG_WARN_EMPTY_BODY = YES;
				CLANG_WARN_ENUM_CONVERSION = YES;
				CLANG_WARN_INFINITE_RECURSION = YES;
				CLANG_WARN_INT_CONVERSION = YES;
				CLANG_WARN_NON_LITERAL_NULL_CONVERSION = YES;
				CLANG_WARN_OBJC_IMPLICIT_RETAIN_SELF = YES;
				CLANG_WARN_OBJC_LITERAL_CONVERSION = YES;
				CLANG_WARN_OBJC_ROOT_CLASS = YES_ERROR;
				CLANG_WARN_QUOTED_INCLUDE_IN_FRAMEWORK_HEADER = YES;
				CLANG_WARN_RANGE_LOOP_ANALYSIS = YES;
				CLANG_WARN_STRICT_PROTOTYPES = YES;
				CLANG_WARN_SUSPICIOUS_MOVE = YES;
				CLANG_WARN_UNGUARDED_AVAILABILITY = YES_AGGRESSIVE;
				CLANG_WARN_UNREACHABLE_CODE = YES;
				CLANG_WARN__DUPLICATE_METHOD_MATCH = YES;
				COPY_PHASE_STRIP = NO;
				DEBUG_INFORMATION_FORMAT = dwarf;
				ENABLE_STRICT_OBJC_MSGSEND = YES;
				ENABLE_TESTABILITY = YES;
				GCC_C_LANGUAGE_STANDARD = gnu11;
				GCC_DYNAMIC_NO_PIC = NO;
				GCC_NO_COMMON_BLOCKS = YES;
				GCC_OPTIMIZATION_LEVEL = 0;
				GCC_PREPROCESSOR_DEFINITIONS = (
					"DEBUG=1",
					"$(inherited)",
				);
				GCC_WARN_64_TO_32_BIT_CONVERSION = YES;
				GCC_WARN_ABOUT_RETURN_TYPE = YES_ERROR;
				GCC_WARN_UNDECLARED_SELECTOR = YES;
				GCC_WARN_UNINITIALIZED_AUTOS = YES_AGGRESSIVE;
				GCC_WARN_UNUSED_FUNCTION = YES;
				GCC_WARN_UNUSED_VARIABLE = YES;
				IPHONEOS_DEPLOYMENT_TARGET = 16.2;
				MTL_ENABLE_DEBUG_INFO = INCLUDE_SOURCE;
				MTL_FAST_MATH = YES;
				ONLY_ACTIVE_ARCH = YES;
				SDKROOT = iphoneos;
				SWIFT_ACTIVE_COMPILATION_CONDITIONS = DEBUG;
				SWIFT_OPTIMIZATION_LEVEL = "-Onone";
			};
			name = Debug;
		};
		7E73E80D2993A1FC005AEFDA /* Release */ = {
			isa = XCBuildConfiguration;
			buildSettings = {
				ALWAYS_SEARCH_USER_PATHS = NO;
				CLANG_ANALYZER_NONNULL = YES;
				CLANG_ANALYZER_NUMBER_OBJECT_CONVERSION = YES_AGGRESSIVE;
				CLANG_CXX_LANGUAGE_STANDARD = "gnu++20";
				CLANG_ENABLE_MODULES = YES;
				CLANG_ENABLE_OBJC_ARC = YES;
				CLANG_ENABLE_OBJC_WEAK = YES;
				CLANG_WARN_BLOCK_CAPTURE_AUTORELEASING = YES;
				CLANG_WARN_BOOL_CONVERSION = YES;
				CLANG_WARN_COMMA = YES;
				CLANG_WARN_CONSTANT_CONVERSION = YES;
				CLANG_WARN_DEPRECATED_OBJC_IMPLEMENTATIONS = YES;
				CLANG_WARN_DIRECT_OBJC_ISA_USAGE = YES_ERROR;
				CLANG_WARN_DOCUMENTATION_COMMENTS = YES;
				CLANG_WARN_EMPTY_BODY = YES;
				CLANG_WARN_ENUM_CONVERSION = YES;
				CLANG_WARN_INFINITE_RECURSION = YES;
				CLANG_WARN_INT_CONVERSION = YES;
				CLANG_WARN_NON_LITERAL_NULL_CONVERSION = YES;
				CLANG_WARN_OBJC_IMPLICIT_RETAIN_SELF = YES;
				CLANG_WARN_OBJC_LITERAL_CONVERSION = YES;
				CLANG_WARN_OBJC_ROOT_CLASS = YES_ERROR;
				CLANG_WARN_QUOTED_INCLUDE_IN_FRAMEWORK_HEADER = YES;
				CLANG_WARN_RANGE_LOOP_ANALYSIS = YES;
				CLANG_WARN_STRICT_PROTOTYPES = YES;
				CLANG_WARN_SUSPICIOUS_MOVE = YES;
				CLANG_WARN_UNGUARDED_AVAILABILITY = YES_AGGRESSIVE;
				CLANG_WARN_UNREACHABLE_CODE = YES;
				CLANG_WARN__DUPLICATE_METHOD_MATCH = YES;
				COPY_PHASE_STRIP = NO;
				DEBUG_INFORMATION_FORMAT = "dwarf-with-dsym";
				ENABLE_NS_ASSERTIONS = NO;
				ENABLE_STRICT_OBJC_MSGSEND = YES;
				GCC_C_LANGUAGE_STANDARD = gnu11;
				GCC_NO_COMMON_BLOCKS = YES;
				GCC_WARN_64_TO_32_BIT_CONVERSION = YES;
				GCC_WARN_ABOUT_RETURN_TYPE = YES_ERROR;
				GCC_WARN_UNDECLARED_SELECTOR = YES;
				GCC_WARN_UNINITIALIZED_AUTOS = YES_AGGRESSIVE;
				GCC_WARN_UNUSED_FUNCTION = YES;
				GCC_WARN_UNUSED_VARIABLE = YES;
				IPHONEOS_DEPLOYMENT_TARGET = 16.2;
				MTL_ENABLE_DEBUG_INFO = NO;
				MTL_FAST_MATH = YES;
				SDKROOT = iphoneos;
				SWIFT_COMPILATION_MODE = wholemodule;
				SWIFT_OPTIMIZATION_LEVEL = "-O";
				VALIDATE_PRODUCT = YES;
			};
			name = Release;
		};
		7E73E80F2993A1FC005AEFDA /* Debug */ = {
			isa = XCBuildConfiguration;
			buildSettings = {
				ASSETCATALOG_COMPILER_APPICON_NAME = AppIcon;
				ASSETCATALOG_COMPILER_GLOBAL_ACCENT_COLOR_NAME = AccentColor;
				CODE_SIGN_STYLE = Automatic;
				CURRENT_PROJECT_VERSION = 1;
				DEVELOPMENT_ASSET_PATHS = "\"textual_clock_companion/Preview Content\"";
				DEVELOPMENT_TEAM = 85C343KWHS;
				ENABLE_PREVIEWS = YES;
				GENERATE_INFOPLIST_FILE = YES;
				INFOPLIST_FILE = "textual-clock-companion-Info.plist";
				INFOPLIST_KEY_UIApplicationSupportsIndirectInputEvents = YES;
				INFOPLIST_KEY_UILaunchScreen_Generation = YES;
				INFOPLIST_KEY_UISupportedInterfaceOrientations_iPad = "UIInterfaceOrientationPortrait UIInterfaceOrientationPortraitUpsideDown UIInterfaceOrientationLandscapeLeft UIInterfaceOrientationLandscapeRight";
				INFOPLIST_KEY_UISupportedInterfaceOrientations_iPhone = "UIInterfaceOrientationPortrait UIInterfaceOrientationLandscapeLeft UIInterfaceOrientationLandscapeRight";
				LD_RUNPATH_SEARCH_PATHS = (
					"$(inherited)",
					"@executable_path/Frameworks",
				);
				MARKETING_VERSION = 1.0;
				PRODUCT_BUNDLE_IDENTIFIER = "com.chassot.textual-clock-companion";
				PRODUCT_NAME = "$(TARGET_NAME)";
				SWIFT_EMIT_LOC_STRINGS = YES;
				SWIFT_VERSION = 5.0;
				TARGETED_DEVICE_FAMILY = "1,2";
			};
			name = Debug;
		};
		7E73E8102993A1FC005AEFDA /* Release */ = {
			isa = XCBuildConfiguration;
			buildSettings = {
				ASSETCATALOG_COMPILER_APPICON_NAME = AppIcon;
				ASSETCATALOG_COMPILER_GLOBAL_ACCENT_COLOR_NAME = AccentColor;
				CODE_SIGN_STYLE = Automatic;
				CURRENT_PROJECT_VERSION = 1;
				DEVELOPMENT_ASSET_PATHS = "\"textual_clock_companion/Preview Content\"";
				DEVELOPMENT_TEAM = 85C343KWHS;
				ENABLE_PREVIEWS = YES;
				GENERATE_INFOPLIST_FILE = YES;
				INFOPLIST_FILE = "textual-clock-companion-Info.plist";
				INFOPLIST_KEY_UIApplicationSupportsIndirectInputEvents = YES;
				INFOPLIST_KEY_UILaunchScreen_Generation = YES;
				INFOPLIST_KEY_UISupportedInterfaceOrientations_iPad = "UIInterfaceOrientationPortrait UIInterfaceOrientationPortraitUpsideDown UIInterfaceOrientationLandscapeLeft UIInterfaceOrientationLandscapeRight";
				INFOPLIST_KEY_UISupportedInterfaceOrientations_iPhone = "UIInterfaceOrientationPortrait UIInterfaceOrientationLandscapeLeft UIInterfaceOrientationLandscapeRight";
				LD_RUNPATH_SEARCH_PATHS = (
					"$(inherited)",
					"@executable_path/Frameworks",
				);
				MARKETING_VERSION = 1.0;
				PRODUCT_BUNDLE_IDENTIFIER = "com.chassot.textual-clock-companion";
				PRODUCT_NAME = "$(TARGET_NAME)";
				SWIFT_EMIT_LOC_STRINGS = YES;
				SWIFT_VERSION = 5.0;
				TARGETED_DEVICE_FAMILY = "1,2";
			};
			name = Release;
		};
/* End XCBuildConfiguration section */

/* Begin XCConfigurationList section */
		7E73E7F62993A1F9005AEFDA /* Build configuration list for PBXProject "textual_clock_companion" */ = {
			isa = XCConfigurationList;
			buildConfigurations = (
				7E73E80C2993A1FC005AEFDA /* Debug */,
				7E73E80D2993A1FC005AEFDA /* Release */,
			);
			defaultConfigurationIsVisible = 0;
			defaultConfigurationName = Release;
		};
		7E73E80E2993A1FC005AEFDA /* Build configuration list for PBXNativeTarget "textual_clock_companion" */ = {
			isa = XCConfigurationList;
			buildConfigurations = (
				7E73E80F2993A1FC005AEFDA /* Debug */,
				7E73E8102993A1FC005AEFDA /* Release */,
			);
			defaultConfigurationIsVisible = 0;
			defaultConfigurationName = Release;
		};
/* End XCConfigurationList section */

/* Begin XCVersionGroup section */
		7E73E8092993A1FC005AEFDA /* textual_clock_companion.xcdatamodeld */ = {
			isa = XCVersionGroup;
			children = (
				7E73E80A2993A1FC005AEFDA /* textual_clock_companion.xcdatamodel */,
			);
			currentVersion = 7E73E80A2993A1FC005AEFDA /* textual_clock_companion.xcdatamodel */;
			path = textual_clock_companion.xcdatamodeld;
			sourceTree = "<group>";
			versionGroupType = wrapper.xcdatamodel;
		};
/* End XCVersionGroup section */
	};
	rootObject = 7E73E7F32993A1F9005AEFDA /* Project object */;
}
